
Microsoft Visual Studio Solution File, Format Version 12.00
# Visual Studio Version 16
VisualStudioVersion = 16.0.35229.62
MinimumVisualStudioVersion = 10.0.40219.1
Project("{FAE04EC0-301F-11D3-BF4B-00C04F79EFBC}") = "PreExamen", "PreExamen\PreExamen.csproj", "{773DB865-9630-4F5B-B73E-2540676802CB}"
EndProject
Global
	GlobalSection(SolutionConfigurationPlatforms) = preSolution
		Debug|Any CPU = Debug|Any CPU
		Release|Any CPU = Release|Any CPU
	EndGlobalSection
	GlobalSection(ProjectConfigurationPlatforms) = postSolution
		{773DB865-9630-4F5B-B73E-2540676802CB}.Debug|Any CPU.ActiveCfg = Debug|Any CPU
		{773DB865-9630-4F5B-B73E-2540676802CB}.Debug|Any CPU.Build.0 = Debug|Any CPU
		{773DB865-9630-4F5B-B73E-2540676802CB}.Release|Any CPU.ActiveCfg = Release|Any CPU
		{773DB865-9630-4F5B-B73E-2540676802CB}.Release|Any CPU.Build.0 = Release|Any CPU
	EndGlobalSection
	GlobalSection(SolutionProperties) = preSolution
		HideSolutionNode = FALSE
	EndGlobalSection
	GlobalSection(ExtensibilityGlobals) = postSolution
		SolutionGuid = {0B8AC427-A9F5-4520-811E-4FB303F2AAC0}
	EndGlobalSection
EndGlobal
